
Microsoft Visual Studio Solution File, Format Version 12.00
# Visual Studio Version 17
VisualStudioVersion = 17.7.34202.233
MinimumVisualStudioVersion = 10.0.40219.1
Project("{FAE04EC0-301F-11D3-BF4B-00C04F79EFBC}") = "DemoHomeTask-22-10-23", "DemoHomeTask-22-10-23\DemoHomeTask-22-10-23.csproj", "{A9285BDF-255F-40A6-BCB3-72F4EE018EB3}"
EndProject
Global
	GlobalSection(SolutionConfigurationPlatforms) = preSolution
		Debug|Any CPU = Debug|Any CPU
		Release|Any CPU = Release|Any CPU
	EndGlobalSection
	GlobalSection(ProjectConfigurationPlatforms) = postSolution
		{A9285BDF-255F-40A6-BCB3-72F4EE018EB3}.Debug|Any CPU.ActiveCfg = Debug|Any CPU
		{A9285BDF-255F-40A6-BCB3-72F4EE018EB3}.Debug|Any CPU.Build.0 = Debug|Any CPU
		{A9285BDF-255F-40A6-BCB3-72F4EE018EB3}.Release|Any CPU.ActiveCfg = Release|Any CPU
		{A9285BDF-255F-40A6-BCB3-72F4EE018EB3}.Release|Any CPU.Build.0 = Release|Any CPU
	EndGlobalSection
	GlobalSection(SolutionProperties) = preSolution
		HideSolutionNode = FALSE
	EndGlobalSection
	GlobalSection(ExtensibilityGlobals) = postSolution
		SolutionGuid = {DB5DA109-5F56-4335-8607-791C8B478CFE}
	EndGlobalSection
EndGlobal
